
Microsoft Visual Studio Solution File, Format Version 12.00
# Visual Studio 2012
Project("{FAE04EC0-301F-11D3-BF4B-00C04F79EFBC}") = "DemoApp01", "DemoApp01\DemoApp01.csproj", "{0186898F-E97D-4812-9385-D1E773911F16}"
EndProject
Global
	GlobalSection(SolutionConfigurationPlatforms) = preSolution
		Debug|Any CPU = Debug|Any CPU
		Release|Any CPU = Release|Any CPU
	EndGlobalSection
	GlobalSection(ProjectConfigurationPlatforms) = postSolution
		{0186898F-E97D-4812-9385-D1E773911F16}.Debug|Any CPU.ActiveCfg = Debug|Any CPU
		{0186898F-E97D-4812-9385-D1E773911F16}.Debug|Any CPU.Build.0 = Debug|Any CPU
		{0186898F-E97D-4812-9385-D1E773911F16}.Release|Any CPU.ActiveCfg = Release|Any CPU
		{0186898F-E97D-4812-9385-D1E773911F16}.Release|Any CPU.Build.0 = Release|Any CPU
	EndGlobalSection
	GlobalSection(SolutionProperties) = preSolution
		HideSolutionNode = FALSE
	EndGlobalSection
EndGlobal
